# This file is autogenerated, do not edit; changes may be undone by the next 'dep ensure'.


[[projects]]
  branch = "master"
  name = "github.com/32bitkid/bitreader"
  packages = ["."]
  revision = "2d96e4bc038891a652935a85732935447ae7b787"

[solve-meta]
  analyzer-name = "dep"
  analyzer-version = 1
  inputs-digest = "1701795b7b6899e3e2d18239a18f6fae6358f5b1bda605a27e6c170c429df091"
  solver-name = "gps-cdcl"
  solver-version = 1
